
Microsoft Visual Studio Solution File, Format Version 12.00
# Visual Studio Version 17
VisualStudioVersion = 17.0.31903.59
MinimumVisualStudioVersion = 10.0.40219.1
Project("{FAE04EC0-301F-11D3-BF4B-00C04F79EFBC}") = "ContactsHybridWebApp", "ContactsHybridWebApp\ContactsHybridWebApp.csproj", "{C4F58207-EE75-48C0-B57E-204022994EA9}"
EndProject
Project("{FAE04EC0-301F-11D3-BF4B-00C04F79EFBC}") = "RazorClassLibrary", "RazorClassLibrary\RazorClassLibrary.csproj", "{BAE4958A-1128-457C-8E8C-67C74977CFD4}"
EndProject
Project("{FAE04EC0-301F-11D3-BF4B-00C04F79EFBC}") = "ContactsHybridWebsiteApp", "ContactsHybridWebsiteApp\ContactsHybridWebsiteApp.csproj", "{F7877C63-60FF-4B45-9CC6-0084365CB2FF}"
EndProject
Global
	GlobalSection(SolutionConfigurationPlatforms) = preSolution
		Debug|Any CPU = Debug|Any CPU
		Release|Any CPU = Release|Any CPU
	EndGlobalSection
	GlobalSection(ProjectConfigurationPlatforms) = postSolution
		{C4F58207-EE75-48C0-B57E-204022994EA9}.Debug|Any CPU.ActiveCfg = Debug|Any CPU
		{C4F58207-EE75-48C0-B57E-204022994EA9}.Debug|Any CPU.Build.0 = Debug|Any CPU
		{C4F58207-EE75-48C0-B57E-204022994EA9}.Release|Any CPU.ActiveCfg = Release|Any CPU
		{C4F58207-EE75-48C0-B57E-204022994EA9}.Release|Any CPU.Build.0 = Release|Any CPU
		{BAE4958A-1128-457C-8E8C-67C74977CFD4}.Debug|Any CPU.ActiveCfg = Debug|Any CPU
		{BAE4958A-1128-457C-8E8C-67C74977CFD4}.Debug|Any CPU.Build.0 = Debug|Any CPU
		{BAE4958A-1128-457C-8E8C-67C74977CFD4}.Release|Any CPU.ActiveCfg = Release|Any CPU
		{BAE4958A-1128-457C-8E8C-67C74977CFD4}.Release|Any CPU.Build.0 = Release|Any CPU
		{F7877C63-60FF-4B45-9CC6-0084365CB2FF}.Debug|Any CPU.ActiveCfg = Debug|Any CPU
		{F7877C63-60FF-4B45-9CC6-0084365CB2FF}.Debug|Any CPU.Build.0 = Debug|Any CPU
		{F7877C63-60FF-4B45-9CC6-0084365CB2FF}.Release|Any CPU.ActiveCfg = Release|Any CPU
		{F7877C63-60FF-4B45-9CC6-0084365CB2FF}.Release|Any CPU.Build.0 = Release|Any CPU
	EndGlobalSection
	GlobalSection(SolutionProperties) = preSolution
		HideSolutionNode = FALSE
	EndGlobalSection
EndGlobal
